{
	"name": "babact-router-dom",
	"version": "1.0.0",
	"lockfileVersion": 3,
	"requires": true,
	"packages": {
		"": {
			"name": "babact-router-dom",
			"version": "1.0.0",
			"devDependencies": {
				"babact": "file:../babact",
				"typescript": "^5.0.0"
			}
		},
		"../babact": {
			"version": "1.0.0",
			"dev": true,
			"devDependencies": {
				"typescript": "^5.0.0"
			}
		},
		"../babact/node_modules/typescript": {
			"version": "5.7.3",
			"dev": true,
			"license": "Apache-2.0",
			"bin": {
				"tsc": "bin/tsc",
				"tsserver": "bin/tsserver"
			},
			"engines": {
				"node": ">=14.17"
			}
		},
		"node_modules/babact": {
			"resolved": "../babact",
			"link": true
		},
		"node_modules/typescript": {
			"version": "5.7.3",
			"dev": true,
			"license": "Apache-2.0",
			"bin": {
				"tsc": "bin/tsc",
				"tsserver": "bin/tsserver"
			},
			"engines": {
				"node": ">=14.17"
			}
		}
	}
}
